
Microsoft Visual Studio Solution File, Format Version 12.00
# Visual Studio Version 17
VisualStudioVersion = 17.2.32602.215
MinimumVisualStudioVersion = 10.0.40219.1
Project("{FAE04EC0-301F-11D3-BF4B-00C04F79EFBC}") = "I.RULE CM Level Creator", "I.RULE CM Level Creator\I.RULE CM Level Creator.csproj", "{8C196568-8BA4-4FD0-A270-E1BDA986D2AF}"
EndProject
Global
	GlobalSection(SolutionConfigurationPlatforms) = preSolution
		Debug|Any CPU = Debug|Any CPU
		Release|Any CPU = Release|Any CPU
	EndGlobalSection
	GlobalSection(ProjectConfigurationPlatforms) = postSolution
		{8C196568-8BA4-4FD0-A270-E1BDA986D2AF}.Debug|Any CPU.ActiveCfg = Debug|Any CPU
		{8C196568-8BA4-4FD0-A270-E1BDA986D2AF}.Debug|Any CPU.Build.0 = Debug|Any CPU
		{8C196568-8BA4-4FD0-A270-E1BDA986D2AF}.Release|Any CPU.ActiveCfg = Release|Any CPU
		{8C196568-8BA4-4FD0-A270-E1BDA986D2AF}.Release|Any CPU.Build.0 = Release|Any CPU
	EndGlobalSection
	GlobalSection(SolutionProperties) = preSolution
		HideSolutionNode = FALSE
	EndGlobalSection
	GlobalSection(ExtensibilityGlobals) = postSolution
		SolutionGuid = {074BD31D-9620-4BDE-A6DC-FF802C08739B}
	EndGlobalSection
EndGlobal
